langcode: en
status: true
dependencies:
  module:
    - knowledge
    - node
    - user
  theme:
    - olivero
id: olivero_knowledge_quality_block
theme: olivero
region: sidebar
weight: 0
provider: null
plugin: knowledge_quality_block
settings:
  id: knowledge_quality_block
  label: 'Knowledge Quality block'
  label_display: visible
  provider: knowledge
visibility:
  user_role:
    id: user_role
    negate: false
    context_mapping:
      user: '@user.current_user_context:current_user'
    roles:
      administrator: administrator
      knowledge_coach: knowledge_coach
  'entity_bundle:node':
    id: 'entity_bundle:node'
    negate: false
    context_mapping:
      node: '@node.node_route_context:node'
    bundles:
      article: article
